
Microsoft Visual Studio Solution File, Format Version 12.00
# Visual Studio Version 16
VisualStudioVersion = 16.0.30406.217
MinimumVisualStudioVersion = 10.0.40219.1
Project("{FAE04EC0-301F-11D3-BF4B-00C04F79EFBC}") = "PrinceApplication1", "PrinceApplication1\PrinceApplication1.csproj", "{D0418284-FE58-4178-AA9B-1FB85EB161E2}"
EndProject
Global
	GlobalSection(SolutionConfigurationPlatforms) = preSolution
		Debug|Any CPU = Debug|Any CPU
		Release|Any CPU = Release|Any CPU
	EndGlobalSection
	GlobalSection(ProjectConfigurationPlatforms) = postSolution
		{D0418284-FE58-4178-AA9B-1FB85EB161E2}.Debug|Any CPU.ActiveCfg = Debug|Any CPU
		{D0418284-FE58-4178-AA9B-1FB85EB161E2}.Debug|Any CPU.Build.0 = Debug|Any CPU
		{D0418284-FE58-4178-AA9B-1FB85EB161E2}.Release|Any CPU.ActiveCfg = Release|Any CPU
		{D0418284-FE58-4178-AA9B-1FB85EB161E2}.Release|Any CPU.Build.0 = Release|Any CPU
	EndGlobalSection
	GlobalSection(SolutionProperties) = preSolution
		HideSolutionNode = FALSE
	EndGlobalSection
	GlobalSection(ExtensibilityGlobals) = postSolution
		SolutionGuid = {F383D239-A90C-42CA-BD04-0856E762D90E}
	EndGlobalSection
EndGlobal
